
Microsoft Visual Studio Solution File, Format Version 12.00
# Visual Studio 15
VisualStudioVersion = 15.0.28307.168
MinimumVisualStudioVersion = 10.0.40219.1
Project("{FAE04EC0-301F-11D3-BF4B-00C04F79EFBC}") = "BillsPaymentSystem.App", "BillsPaymentSystem.App\BillsPaymentSystem.App.csproj", "{9F4B676C-74C1-4222-9852-5B52FA95F775}"
EndProject
Project("{FAE04EC0-301F-11D3-BF4B-00C04F79EFBC}") = "BillsPaymentSystem.Data", "BillsPaymentSystem.Data\BillsPaymentSystem.Data.csproj", "{4A452E0A-89A6-43E1-A2E7-1CD46A6CFEDF}"
EndProject
Project("{FAE04EC0-301F-11D3-BF4B-00C04F79EFBC}") = "BillsPaymentSystem.Models", "BillsPaymentSystem.Models\BillsPaymentSystem.Models.csproj", "{75CCD5C7-3BCC-47B6-AADC-124EF86408E5}"
EndProject
Global
	GlobalSection(SolutionConfigurationPlatforms) = preSolution
		Debug|Any CPU = Debug|Any CPU
		Release|Any CPU = Release|Any CPU
	EndGlobalSection
	GlobalSection(ProjectConfigurationPlatforms) = postSolution
		{9F4B676C-74C1-4222-9852-5B52FA95F775}.Debug|Any CPU.ActiveCfg = Debug|Any CPU
		{9F4B676C-74C1-4222-9852-5B52FA95F775}.Debug|Any CPU.Build.0 = Debug|Any CPU
		{9F4B676C-74C1-4222-9852-5B52FA95F775}.Release|Any CPU.ActiveCfg = Release|Any CPU
		{9F4B676C-74C1-4222-9852-5B52FA95F775}.Release|Any CPU.Build.0 = Release|Any CPU
		{4A452E0A-89A6-43E1-A2E7-1CD46A6CFEDF}.Debug|Any CPU.ActiveCfg = Debug|Any CPU
		{4A452E0A-89A6-43E1-A2E7-1CD46A6CFEDF}.Debug|Any CPU.Build.0 = Debug|Any CPU
		{4A452E0A-89A6-43E1-A2E7-1CD46A6CFEDF}.Release|Any CPU.ActiveCfg = Release|Any CPU
		{4A452E0A-89A6-43E1-A2E7-1CD46A6CFEDF}.Release|Any CPU.Build.0 = Release|Any CPU
		{75CCD5C7-3BCC-47B6-AADC-124EF86408E5}.Debug|Any CPU.ActiveCfg = Debug|Any CPU
		{75CCD5C7-3BCC-47B6-AADC-124EF86408E5}.Debug|Any CPU.Build.0 = Debug|Any CPU
		{75CCD5C7-3BCC-47B6-AADC-124EF86408E5}.Release|Any CPU.ActiveCfg = Release|Any CPU
		{75CCD5C7-3BCC-47B6-AADC-124EF86408E5}.Release|Any CPU.Build.0 = Release|Any CPU
	EndGlobalSection
	GlobalSection(SolutionProperties) = preSolution
		HideSolutionNode = FALSE
	EndGlobalSection
	GlobalSection(ExtensibilityGlobals) = postSolution
		SolutionGuid = {0F0B49DB-EA77-4775-AA15-15E0BA138F79}
	EndGlobalSection
EndGlobal
