
Microsoft Visual Studio Solution File, Format Version 12.00
# Visual Studio 15
VisualStudioVersion = 15.0.28307.168
MinimumVisualStudioVersion = 10.0.40219.1
Project("{FAE04EC0-301F-11D3-BF4B-00C04F79EFBC}") = "P01_StudentSystem", "P01_StudentSystem\P01_StudentSystem.csproj", "{FD229CCC-C5DB-4474-80BE-F2342E9CF27E}"
EndProject
Project("{FAE04EC0-301F-11D3-BF4B-00C04F79EFBC}") = "P03_FootballBetting", "P03_FootballBetting\P03_FootballBetting.csproj", "{0A8FCA60-DD1D-4757-AD14-AF20DF7554B3}"
EndProject
Global
	GlobalSection(SolutionConfigurationPlatforms) = preSolution
		Debug|Any CPU = Debug|Any CPU
		Release|Any CPU = Release|Any CPU
	EndGlobalSection
	GlobalSection(ProjectConfigurationPlatforms) = postSolution
		{FD229CCC-C5DB-4474-80BE-F2342E9CF27E}.Debug|Any CPU.ActiveCfg = Debug|Any CPU
		{FD229CCC-C5DB-4474-80BE-F2342E9CF27E}.Debug|Any CPU.Build.0 = Debug|Any CPU
		{FD229CCC-C5DB-4474-80BE-F2342E9CF27E}.Release|Any CPU.ActiveCfg = Release|Any CPU
		{FD229CCC-C5DB-4474-80BE-F2342E9CF27E}.Release|Any CPU.Build.0 = Release|Any CPU
		{0A8FCA60-DD1D-4757-AD14-AF20DF7554B3}.Debug|Any CPU.ActiveCfg = Debug|Any CPU
		{0A8FCA60-DD1D-4757-AD14-AF20DF7554B3}.Debug|Any CPU.Build.0 = Debug|Any CPU
		{0A8FCA60-DD1D-4757-AD14-AF20DF7554B3}.Release|Any CPU.ActiveCfg = Release|Any CPU
		{0A8FCA60-DD1D-4757-AD14-AF20DF7554B3}.Release|Any CPU.Build.0 = Release|Any CPU
	EndGlobalSection
	GlobalSection(SolutionProperties) = preSolution
		HideSolutionNode = FALSE
	EndGlobalSection
	GlobalSection(ExtensibilityGlobals) = postSolution
		SolutionGuid = {5B94227F-0A1D-4B6F-874C-F51939F33B2B}
	EndGlobalSection
EndGlobal
